
Microsoft Visual Studio Solution File, Format Version 12.00
# Visual Studio Version 16
VisualStudioVersion = 16.0.29418.71
MinimumVisualStudioVersion = 10.0.40219.1
Project("{FAE04EC0-301F-11D3-BF4B-00C04F79EFBC}") = "ppedv.Planner.Model", "ppedv.Planner.Model\ppedv.Planner.Model.csproj", "{6CA6AC22-F3E8-4E2C-A5D3-1E9CB67BDEE4}"
EndProject
Global
	GlobalSection(SolutionConfigurationPlatforms) = preSolution
		Debug|Any CPU = Debug|Any CPU
		Release|Any CPU = Release|Any CPU
	EndGlobalSection
	GlobalSection(ProjectConfigurationPlatforms) = postSolution
		{6CA6AC22-F3E8-4E2C-A5D3-1E9CB67BDEE4}.Debug|Any CPU.ActiveCfg = Debug|Any CPU
		{6CA6AC22-F3E8-4E2C-A5D3-1E9CB67BDEE4}.Debug|Any CPU.Build.0 = Debug|Any CPU
		{6CA6AC22-F3E8-4E2C-A5D3-1E9CB67BDEE4}.Release|Any CPU.ActiveCfg = Release|Any CPU
		{6CA6AC22-F3E8-4E2C-A5D3-1E9CB67BDEE4}.Release|Any CPU.Build.0 = Release|Any CPU
	EndGlobalSection
	GlobalSection(SolutionProperties) = preSolution
		HideSolutionNode = FALSE
	EndGlobalSection
	GlobalSection(ExtensibilityGlobals) = postSolution
		SolutionGuid = {1E0E5D31-9633-46C9-A9A7-D028CAADA696}
	EndGlobalSection
EndGlobal
