
Microsoft Visual Studio Solution File, Format Version 12.00
# Visual Studio Version 16
VisualStudioVersion = 16.0.29418.71
MinimumVisualStudioVersion = 10.0.40219.1
Project("{9A19103F-16F7-4668-BE54-9A1E7A4F7556}") = "ppedv.Planner.Model", "ppedv.Planner.Model\ppedv.Planner.Model.csproj", "{6CA6AC22-F3E8-4E2C-A5D3-1E9CB67BDEE4}"
EndProject
Project("{9A19103F-16F7-4668-BE54-9A1E7A4F7556}") = "ppedv.Planner.Data.EF", "ppedv.Planner.Data.EF\ppedv.Planner.Data.EF.csproj", "{6EFF5100-6431-4F47-9ABF-AA6BF8F222E8}"
EndProject
Project("{FAE04EC0-301F-11D3-BF4B-00C04F79EFBC}") = "ppedv.Planner.Data.EF.Tests", "ppedv.Planner.Data.EF.Tests\ppedv.Planner.Data.EF.Tests.csproj", "{647FC78E-B885-4D61-85A8-ED4EBE3E7857}"
EndProject
Project("{FAE04EC0-301F-11D3-BF4B-00C04F79EFBC}") = "ppedv.Planner.Logic", "ppedv.Planner.Logic\ppedv.Planner.Logic.csproj", "{9D23F1D0-471E-40AD-84C1-FF70BD731B02}"
EndProject
Global
	GlobalSection(SolutionConfigurationPlatforms) = preSolution
		Debug|Any CPU = Debug|Any CPU
		Release|Any CPU = Release|Any CPU
	EndGlobalSection
	GlobalSection(ProjectConfigurationPlatforms) = postSolution
		{6CA6AC22-F3E8-4E2C-A5D3-1E9CB67BDEE4}.Debug|Any CPU.ActiveCfg = Debug|Any CPU
		{6CA6AC22-F3E8-4E2C-A5D3-1E9CB67BDEE4}.Debug|Any CPU.Build.0 = Debug|Any CPU
		{6CA6AC22-F3E8-4E2C-A5D3-1E9CB67BDEE4}.Release|Any CPU.ActiveCfg = Release|Any CPU
		{6CA6AC22-F3E8-4E2C-A5D3-1E9CB67BDEE4}.Release|Any CPU.Build.0 = Release|Any CPU
		{6EFF5100-6431-4F47-9ABF-AA6BF8F222E8}.Debug|Any CPU.ActiveCfg = Debug|Any CPU
		{6EFF5100-6431-4F47-9ABF-AA6BF8F222E8}.Debug|Any CPU.Build.0 = Debug|Any CPU
		{6EFF5100-6431-4F47-9ABF-AA6BF8F222E8}.Release|Any CPU.ActiveCfg = Release|Any CPU
		{6EFF5100-6431-4F47-9ABF-AA6BF8F222E8}.Release|Any CPU.Build.0 = Release|Any CPU
		{647FC78E-B885-4D61-85A8-ED4EBE3E7857}.Debug|Any CPU.ActiveCfg = Debug|Any CPU
		{647FC78E-B885-4D61-85A8-ED4EBE3E7857}.Debug|Any CPU.Build.0 = Debug|Any CPU
		{647FC78E-B885-4D61-85A8-ED4EBE3E7857}.Release|Any CPU.ActiveCfg = Release|Any CPU
		{647FC78E-B885-4D61-85A8-ED4EBE3E7857}.Release|Any CPU.Build.0 = Release|Any CPU
		{9D23F1D0-471E-40AD-84C1-FF70BD731B02}.Debug|Any CPU.ActiveCfg = Debug|Any CPU
		{9D23F1D0-471E-40AD-84C1-FF70BD731B02}.Debug|Any CPU.Build.0 = Debug|Any CPU
		{9D23F1D0-471E-40AD-84C1-FF70BD731B02}.Release|Any CPU.ActiveCfg = Release|Any CPU
		{9D23F1D0-471E-40AD-84C1-FF70BD731B02}.Release|Any CPU.Build.0 = Release|Any CPU
	EndGlobalSection
	GlobalSection(SolutionProperties) = preSolution
		HideSolutionNode = FALSE
	EndGlobalSection
	GlobalSection(ExtensibilityGlobals) = postSolution
		SolutionGuid = {1E0E5D31-9633-46C9-A9A7-D028CAADA696}
	EndGlobalSection
EndGlobal
